
Microsoft Visual Studio Solution File, Format Version 12.00
# Visual Studio Version 16
VisualStudioVersion = 16.0.32602.291
MinimumVisualStudioVersion = 10.0.40219.1
Project("{FAE04EC0-301F-11D3-BF4B-00C04F79EFBC}") = "DemoWebApi", "DemoWebApi.csproj", "{8D02EBD0-1459-4D5F-814C-7D5C14E8CD72}"
EndProject
Global
	GlobalSection(SolutionConfigurationPlatforms) = preSolution
		Debug|Any CPU = Debug|Any CPU
		Release|Any CPU = Release|Any CPU
	EndGlobalSection
	GlobalSection(ProjectConfigurationPlatforms) = postSolution
		{8D02EBD0-1459-4D5F-814C-7D5C14E8CD72}.Debug|Any CPU.ActiveCfg = Debug|Any CPU
		{8D02EBD0-1459-4D5F-814C-7D5C14E8CD72}.Debug|Any CPU.Build.0 = Debug|Any CPU
		{8D02EBD0-1459-4D5F-814C-7D5C14E8CD72}.Release|Any CPU.ActiveCfg = Release|Any CPU
		{8D02EBD0-1459-4D5F-814C-7D5C14E8CD72}.Release|Any CPU.Build.0 = Release|Any CPU
	EndGlobalSection
	GlobalSection(SolutionProperties) = preSolution
		HideSolutionNode = FALSE
	EndGlobalSection
	GlobalSection(ExtensibilityGlobals) = postSolution
		SolutionGuid = {A064410D-418A-4BEC-81BC-379D439DEA14}
	EndGlobalSection
EndGlobal
